
Microsoft Visual Studio Solution File, Format Version 12.00
# Visual Studio 15
VisualStudioVersion = 15.0.28307.572
MinimumVisualStudioVersion = 10.0.40219.1
Project("{FAE04EC0-301F-11D3-BF4B-00C04F79EFBC}") = "WebFormsEmpty2", "WebFormsEmpty2\WebFormsEmpty2.csproj", "{048F1BEE-75DA-4635-9A86-1D9194205E7E}"
EndProject
Global
	GlobalSection(SolutionConfigurationPlatforms) = preSolution
		Debug|Any CPU = Debug|Any CPU
		Release|Any CPU = Release|Any CPU
	EndGlobalSection
	GlobalSection(ProjectConfigurationPlatforms) = postSolution
		{048F1BEE-75DA-4635-9A86-1D9194205E7E}.Debug|Any CPU.ActiveCfg = Debug|Any CPU
		{048F1BEE-75DA-4635-9A86-1D9194205E7E}.Debug|Any CPU.Build.0 = Debug|Any CPU
		{048F1BEE-75DA-4635-9A86-1D9194205E7E}.Release|Any CPU.ActiveCfg = Release|Any CPU
		{048F1BEE-75DA-4635-9A86-1D9194205E7E}.Release|Any CPU.Build.0 = Release|Any CPU
	EndGlobalSection
	GlobalSection(SolutionProperties) = preSolution
		HideSolutionNode = FALSE
	EndGlobalSection
	GlobalSection(ExtensibilityGlobals) = postSolution
		SolutionGuid = {2F4387E6-D486-4099-A86F-47A7F29D87E1}
	EndGlobalSection
EndGlobal
